// !$*UTF8*$!
{
	archiveVersion = 1;
	classes = {
	};
	objectVersion = 55;
	objects = {

/* Begin PBXBuildFile section */
		31C3CA6D284E0CC10092E08E /* CalendarHelper.swift in Sources */ = {isa = PBXBuildFile; fileRef = 31C3CA6C284E0CC10092E08E /* CalendarHelper.swift */; };
		31FDF1D728644CE20014735B /* AddScheduleViewController.swift in Sources */ = {isa = PBXBuildFile; fileRef = 31FDF1D628644CE20014735B /* AddScheduleViewController.swift */; };
		31FDF1D92865D90F0014735B /* Schedule.swift in Sources */ = {isa = PBXBuildFile; fileRef = 31FDF1D82865D90F0014735B /* Schedule.swift */; };
		31FDF1DF286D6D7B0014735B /* MixedScheduleViewController.swift in Sources */ = {isa = PBXBuildFile; fileRef = 31FDF1DE286D6D7B0014735B /* MixedScheduleViewController.swift */; };
		31FDF1E1286D8BF80014735B /* MixedSceduleTableViewCell.swift in Sources */ = {isa = PBXBuildFile; fileRef = 31FDF1E0286D8BF80014735B /* MixedSceduleTableViewCell.swift */; };
		31FFEEBE284DDF58005B30B1 /* CalendarCell.swift in Sources */ = {isa = PBXBuildFile; fileRef = 31FFEEBD284DDF58005B30B1 /* CalendarCell.swift */; };
		49235AB32851500600706A61 /* PopViewController.swift in Sources */ = {isa = PBXBuildFile; fileRef = 49235AB22851500600706A61 /* PopViewController.swift */; };
		49235AB72851639D00706A61 /* Popup.storyboard in Resources */ = {isa = PBXBuildFile; fileRef = 49235AB62851639D00706A61 /* Popup.storyboard */; };
		49235AB92851657100706A61 /* UsViewController.swift in Sources */ = {isa = PBXBuildFile; fileRef = 49235AB82851657100706A61 /* UsViewController.swift */; };
		49235ABF28516DA600706A61 /* Cells.swift in Sources */ = {isa = PBXBuildFile; fileRef = 49235ABE28516DA600706A61 /* Cells.swift */; };
		497CC152287088F300D86594 /* ViewModel.swift in Sources */ = {isa = PBXBuildFile; fileRef = 497CC151287088F300D86594 /* ViewModel.swift */; };
		497CC1542870AE4F00D86594 /* userstruct.swift in Sources */ = {isa = PBXBuildFile; fileRef = 497CC1532870AE4F00D86594 /* userstruct.swift */; };
		499A58C52858899800ED7D7B /* AddFriendPopViewController.swift in Sources */ = {isa = PBXBuildFile; fileRef = 499A58C42858899800ED7D7B /* AddFriendPopViewController.swift */; };
		499A58C7285917F700ED7D7B /* AddGroupPopViewController.swift in Sources */ = {isa = PBXBuildFile; fileRef = 499A58C6285917F700ED7D7B /* AddGroupPopViewController.swift */; };
		499A58C9285BA37F00ED7D7B /* RequestViewController.swift in Sources */ = {isa = PBXBuildFile; fileRef = 499A58C8285BA37F00ED7D7B /* RequestViewController.swift */; };
		499A58CB285BA57B00ED7D7B /* RequestTableViewCell.swift in Sources */ = {isa = PBXBuildFile; fileRef = 499A58CA285BA57B00ED7D7B /* RequestTableViewCell.swift */; };
		49CC8C3A28756BD6000168A3 /* GoogleService-Info.plist in Resources */ = {isa = PBXBuildFile; fileRef = 49CC8C3928756BD6000168A3 /* GoogleService-Info.plist */; };
		6D1A5C6F285D81380030BE59 /* SecondPopViewController.swift in Sources */ = {isa = PBXBuildFile; fileRef = 6D1A5C6E285D81380030BE59 /* SecondPopViewController.swift */; };
		6D1A5C71285DB2EF0030BE59 /* AlarmSettingViewController.swift in Sources */ = {isa = PBXBuildFile; fileRef = 6D1A5C70285DB2EF0030BE59 /* AlarmSettingViewController.swift */; };
		6D1A5C73285DB8700030BE59 /* InfoViewController.swift in Sources */ = {isa = PBXBuildFile; fileRef = 6D1A5C72285DB8700030BE59 /* InfoViewController.swift */; };
		6D1A5C75285DB8AB0030BE59 /* PrivacyPolicyViewController.swift in Sources */ = {isa = PBXBuildFile; fileRef = 6D1A5C74285DB8AB0030BE59 /* PrivacyPolicyViewController.swift */; };
		6D1FC904286B5D70005B8C39 /* GroupViewController.swift in Sources */ = {isa = PBXBuildFile; fileRef = 6D1FC903286B5D70005B8C39 /* GroupViewController.swift */; };
		6D2ABD0C28578BA000B5BEDC /* OptionViewController.swift in Sources */ = {isa = PBXBuildFile; fileRef = 6D2ABD0B28578BA000B5BEDC /* OptionViewController.swift */; };
		6D2ABD0E28578C2200B5BEDC /* OptionTableViewCell.swift in Sources */ = {isa = PBXBuildFile; fileRef = 6D2ABD0D28578C2200B5BEDC /* OptionTableViewCell.swift */; };
		6D2EA37B283BE14500A91E9A /* AppDelegate.swift in Sources */ = {isa = PBXBuildFile; fileRef = 6D2EA37A283BE14500A91E9A /* AppDelegate.swift */; };
		6D2EA37D283BE14500A91E9A /* SceneDelegate.swift in Sources */ = {isa = PBXBuildFile; fileRef = 6D2EA37C283BE14500A91E9A /* SceneDelegate.swift */; };
		6D2EA37F283BE14500A91E9A /* ViewController.swift in Sources */ = {isa = PBXBuildFile; fileRef = 6D2EA37E283BE14500A91E9A /* ViewController.swift */; };
		6D2EA382283BE14500A91E9A /* Main.storyboard in Resources */ = {isa = PBXBuildFile; fileRef = 6D2EA380283BE14500A91E9A /* Main.storyboard */; };
		6D2EA384283BE14800A91E9A /* Assets.xcassets in Resources */ = {isa = PBXBuildFile; fileRef = 6D2EA383283BE14800A91E9A /* Assets.xcassets */; };
		6D2EA387283BE14800A91E9A /* LaunchScreen.storyboard in Resources */ = {isa = PBXBuildFile; fileRef = 6D2EA385283BE14800A91E9A /* LaunchScreen.storyboard */; };
		6D6F19442855BF7D00BFB2B8 /* optiondata.swift in Sources */ = {isa = PBXBuildFile; fileRef = 6D6F19432855BF7D00BFB2B8 /* optiondata.swift */; };
		6DD0E0D92841F23100C3D5E7 /* SignUpViewController.swift in Sources */ = {isa = PBXBuildFile; fileRef = 6DD0E0D82841F23100C3D5E7 /* SignUpViewController.swift */; };
		6DD6D57828439FAE00FB883A /* MeViewController.swift in Sources */ = {isa = PBXBuildFile; fileRef = 6DD6D57728439FAE00FB883A /* MeViewController.swift */; };
		6DE7FA3628451E5700B6EF57 /* IdFindViewController.swift in Sources */ = {isa = PBXBuildFile; fileRef = 6DE7FA3528451E5700B6EF57 /* IdFindViewController.swift */; };
		6DE7FA3828451E8100B6EF57 /* PwFindViewController.swift in Sources */ = {isa = PBXBuildFile; fileRef = 6DE7FA3728451E8100B6EF57 /* PwFindViewController.swift */; };
		6DEA606C285CF318002E7429 /* PasswordChangeViewController.swift in Sources */ = {isa = PBXBuildFile; fileRef = 6DEA606B285CF318002E7429 /* PasswordChangeViewController.swift */; };
		BE748A7A906BEFC45A7BEA3C /* Pods_meus.framework in Frameworks */ = {isa = PBXBuildFile; fileRef = 883476C0679D31655310B0FD /* Pods_meus.framework */; };
/* End PBXBuildFile section */

/* Begin PBXFileReference section */
		31C3CA6C284E0CC10092E08E /* CalendarHelper.swift */ = {isa = PBXFileReference; lastKnownFileType = sourcecode.swift; path = CalendarHelper.swift; sourceTree = "<group>"; };
		31FDF1D628644CE20014735B /* AddScheduleViewController.swift */ = {isa = PBXFileReference; lastKnownFileType = sourcecode.swift; path = AddScheduleViewController.swift; sourceTree = "<group>"; };
		31FDF1D82865D90F0014735B /* Schedule.swift */ = {isa = PBXFileReference; lastKnownFileType = sourcecode.swift; path = Schedule.swift; sourceTree = "<group>"; };
		31FDF1DE286D6D7B0014735B /* MixedScheduleViewController.swift */ = {isa = PBXFileReference; lastKnownFileType = sourcecode.swift; path = MixedScheduleViewController.swift; sourceTree = "<group>"; };
		31FDF1E0286D8BF80014735B /* MixedSceduleTableViewCell.swift */ = {isa = PBXFileReference; lastKnownFileType = sourcecode.swift; path = MixedSceduleTableViewCell.swift; sourceTree = "<group>"; };
		31FFEEBD284DDF58005B30B1 /* CalendarCell.swift */ = {isa = PBXFileReference; lastKnownFileType = sourcecode.swift; path = CalendarCell.swift; sourceTree = "<group>"; };
		49235AB22851500600706A61 /* PopViewController.swift */ = {isa = PBXFileReference; lastKnownFileType = sourcecode.swift; path = PopViewController.swift; sourceTree = "<group>"; };
		49235AB62851639D00706A61 /* Popup.storyboard */ = {isa = PBXFileReference; lastKnownFileType = file.storyboard; path = Popup.storyboard; sourceTree = "<group>"; };
		49235AB82851657100706A61 /* UsViewController.swift */ = {isa = PBXFileReference; lastKnownFileType = sourcecode.swift; path = UsViewController.swift; sourceTree = "<group>"; };
		49235ABE28516DA600706A61 /* Cells.swift */ = {isa = PBXFileReference; lastKnownFileType = sourcecode.swift; path = Cells.swift; sourceTree = "<group>"; };
		497CC151287088F300D86594 /* ViewModel.swift */ = {isa = PBXFileReference; lastKnownFileType = sourcecode.swift; path = ViewModel.swift; sourceTree = "<group>"; };
		497CC1532870AE4F00D86594 /* userstruct.swift */ = {isa = PBXFileReference; lastKnownFileType = sourcecode.swift; path = userstruct.swift; sourceTree = "<group>"; };
		499A58C42858899800ED7D7B /* AddFriendPopViewController.swift */ = {isa = PBXFileReference; lastKnownFileType = sourcecode.swift; path = AddFriendPopViewController.swift; sourceTree = "<group>"; };
		499A58C6285917F700ED7D7B /* AddGroupPopViewController.swift */ = {isa = PBXFileReference; lastKnownFileType = sourcecode.swift; path = AddGroupPopViewController.swift; sourceTree = "<group>"; };
		499A58C8285BA37F00ED7D7B /* RequestViewController.swift */ = {isa = PBXFileReference; lastKnownFileType = sourcecode.swift; path = RequestViewController.swift; sourceTree = "<group>"; };
		499A58CA285BA57B00ED7D7B /* RequestTableViewCell.swift */ = {isa = PBXFileReference; lastKnownFileType = sourcecode.swift; path = RequestTableViewCell.swift; sourceTree = "<group>"; };
		49CC8C3928756BD6000168A3 /* GoogleService-Info.plist */ = {isa = PBXFileReference; fileEncoding = 4; lastKnownFileType = text.plist.xml; name = "GoogleService-Info.plist"; path = "../../../Downloads/GoogleService-Info.plist"; sourceTree = "<group>"; };
		6D1A5C6E285D81380030BE59 /* SecondPopViewController.swift */ = {isa = PBXFileReference; lastKnownFileType = sourcecode.swift; path = SecondPopViewController.swift; sourceTree = "<group>"; };
		6D1A5C70285DB2EF0030BE59 /* AlarmSettingViewController.swift */ = {isa = PBXFileReference; lastKnownFileType = sourcecode.swift; path = AlarmSettingViewController.swift; sourceTree = "<group>"; };
		6D1A5C72285DB8700030BE59 /* InfoViewController.swift */ = {isa = PBXFileReference; lastKnownFileType = sourcecode.swift; path = InfoViewController.swift; sourceTree = "<group>"; };
		6D1A5C74285DB8AB0030BE59 /* PrivacyPolicyViewController.swift */ = {isa = PBXFileReference; lastKnownFileType = sourcecode.swift; path = PrivacyPolicyViewController.swift; sourceTree = "<group>"; };
		6D1FC903286B5D70005B8C39 /* GroupViewController.swift */ = {isa = PBXFileReference; lastKnownFileType = sourcecode.swift; path = GroupViewController.swift; sourceTree = "<group>"; };
		6D2ABD0B28578BA000B5BEDC /* OptionViewController.swift */ = {isa = PBXFileReference; lastKnownFileType = sourcecode.swift; path = OptionViewController.swift; sourceTree = "<group>"; };
		6D2ABD0D28578C2200B5BEDC /* OptionTableViewCell.swift */ = {isa = PBXFileReference; lastKnownFileType = sourcecode.swift; path = OptionTableViewCell.swift; sourceTree = "<group>"; };
		6D2EA377283BE14500A91E9A /* meus.app */ = {isa = PBXFileReference; explicitFileType = wrapper.application; includeInIndex = 0; path = meus.app; sourceTree = BUILT_PRODUCTS_DIR; };
		6D2EA37A283BE14500A91E9A /* AppDelegate.swift */ = {isa = PBXFileReference; lastKnownFileType = sourcecode.swift; path = AppDelegate.swift; sourceTree = "<group>"; };
		6D2EA37C283BE14500A91E9A /* SceneDelegate.swift */ = {isa = PBXFileReference; lastKnownFileType = sourcecode.swift; path = SceneDelegate.swift; sourceTree = "<group>"; };
		6D2EA37E283BE14500A91E9A /* ViewController.swift */ = {isa = PBXFileReference; lastKnownFileType = sourcecode.swift; path = ViewController.swift; sourceTree = "<group>"; };
		6D2EA381283BE14500A91E9A /* Base */ = {isa = PBXFileReference; lastKnownFileType = file.storyboard; name = Base; path = Base.lproj/Main.storyboard; sourceTree = "<group>"; };
		6D2EA383283BE14800A91E9A /* Assets.xcassets */ = {isa = PBXFileReference; lastKnownFileType = folder.assetcatalog; path = Assets.xcassets; sourceTree = "<group>"; };
		6D2EA386283BE14800A91E9A /* Base */ = {isa = PBXFileReference; lastKnownFileType = file.storyboard; name = Base; path = Base.lproj/LaunchScreen.storyboard; sourceTree = "<group>"; };
		6D2EA388283BE14800A91E9A /* Info.plist */ = {isa = PBXFileReference; lastKnownFileType = text.plist.xml; path = Info.plist; sourceTree = "<group>"; };
		6D6F19432855BF7D00BFB2B8 /* optiondata.swift */ = {isa = PBXFileReference; lastKnownFileType = sourcecode.swift; path = optiondata.swift; sourceTree = "<group>"; };
		6DD0E0D82841F23100C3D5E7 /* SignUpViewController.swift */ = {isa = PBXFileReference; lastKnownFileType = sourcecode.swift; path = SignUpViewController.swift; sourceTree = "<group>"; };
		6DD6D57728439FAE00FB883A /* MeViewController.swift */ = {isa = PBXFileReference; lastKnownFileType = sourcecode.swift; path = MeViewController.swift; sourceTree = "<group>"; };
		6DE7FA3528451E5700B6EF57 /* IdFindViewController.swift */ = {isa = PBXFileReference; lastKnownFileType = sourcecode.swift; path = IdFindViewController.swift; sourceTree = "<group>"; };
		6DE7FA3728451E8100B6EF57 /* PwFindViewController.swift */ = {isa = PBXFileReference; lastKnownFileType = sourcecode.swift; path = PwFindViewController.swift; sourceTree = "<group>"; };
		6DEA606B285CF318002E7429 /* PasswordChangeViewController.swift */ = {isa = PBXFileReference; lastKnownFileType = sourcecode.swift; path = PasswordChangeViewController.swift; sourceTree = "<group>"; };
		6DF221042852555500008EB3 /* meus.entitlements */ = {isa = PBXFileReference; lastKnownFileType = text.plist.entitlements; path = meus.entitlements; sourceTree = "<group>"; };
		7381CA878277EC890FF71E28 /* Pods-meus.release.xcconfig */ = {isa = PBXFileReference; includeInIndex = 1; lastKnownFileType = text.xcconfig; name = "Pods-meus.release.xcconfig"; path = "Target Support Files/Pods-meus/Pods-meus.release.xcconfig"; sourceTree = "<group>"; };
		86FAF1BD66A9FEED3B9E5F5D /* Pods-meus.debug.xcconfig */ = {isa = PBXFileReference; includeInIndex = 1; lastKnownFileType = text.xcconfig; name = "Pods-meus.debug.xcconfig"; path = "Target Support Files/Pods-meus/Pods-meus.debug.xcconfig"; sourceTree = "<group>"; };
		883476C0679D31655310B0FD /* Pods_meus.framework */ = {isa = PBXFileReference; explicitFileType = wrapper.framework; includeInIndex = 0; path = Pods_meus.framework; sourceTree = BUILT_PRODUCTS_DIR; };
/* End PBXFileReference section */

/* Begin PBXFrameworksBuildPhase section */
		6D2EA374283BE14500A91E9A /* Frameworks */ = {
			isa = PBXFrameworksBuildPhase;
			buildActionMask = 2147483647;
			files = (
				BE748A7A906BEFC45A7BEA3C /* Pods_meus.framework in Frameworks */,
			);
			runOnlyForDeploymentPostprocessing = 0;
		};
/* End PBXFrameworksBuildPhase section */

/* Begin PBXGroup section */
		497CC1552870C57B00D86594 /* ViewModel */ = {
			isa = PBXGroup;
			children = (
				497CC151287088F300D86594 /* ViewModel.swift */,
				31C3CA6C284E0CC10092E08E /* CalendarHelper.swift */,
			);
			path = ViewModel;
			sourceTree = "<group>";
		};
		497CC1572870C5A100D86594 /* View */ = {
			isa = PBXGroup;
			children = (
				6D2EA37E283BE14500A91E9A /* ViewController.swift */,
				499A58C42858899800ED7D7B /* AddFriendPopViewController.swift */,
				499A58C6285917F700ED7D7B /* AddGroupPopViewController.swift */,
				499A58C8285BA37F00ED7D7B /* RequestViewController.swift */,
				49235AB82851657100706A61 /* UsViewController.swift */,
				6D1FC903286B5D70005B8C39 /* GroupViewController.swift */,
			);
			path = View;
			sourceTree = "<group>";
		};
		497CC1582870C62600D86594 /* CustomCell */ = {
			isa = PBXGroup;
			children = (
				499A58CA285BA57B00ED7D7B /* RequestTableViewCell.swift */,
				31FFEEBD284DDF58005B30B1 /* CalendarCell.swift */,
				49235ABE28516DA600706A61 /* Cells.swift */,
				6D2ABD0D28578C2200B5BEDC /* OptionTableViewCell.swift */,
				31FDF1E0286D8BF80014735B /* MixedSceduleTableViewCell.swift */,
			);
			path = CustomCell;
			sourceTree = "<group>";
		};
		497CC1592870C68D00D86594 /* Model */ = {
			isa = PBXGroup;
			children = (
				6D6F19432855BF7D00BFB2B8 /* optiondata.swift */,
				497CC1532870AE4F00D86594 /* userstruct.swift */,
				31FDF1D82865D90F0014735B /* Schedule.swift */,
			);
			path = Model;
			sourceTree = "<group>";
		};
		4C69F7AA40AC702A32CCCA3A /* Frameworks */ = {
			isa = PBXGroup;
			children = (
				883476C0679D31655310B0FD /* Pods_meus.framework */,
			);
			name = Frameworks;
			sourceTree = "<group>";
		};
		58690F01084C06560999D33E /* Pods */ = {
			isa = PBXGroup;
			children = (
				86FAF1BD66A9FEED3B9E5F5D /* Pods-meus.debug.xcconfig */,
				7381CA878277EC890FF71E28 /* Pods-meus.release.xcconfig */,
			);
			path = Pods;
			sourceTree = "<group>";
		};
		6D2EA36E283BE14500A91E9A = {
			isa = PBXGroup;
			children = (
				6D2EA379283BE14500A91E9A /* meus */,
				6D2EA378283BE14500A91E9A /* Products */,
				58690F01084C06560999D33E /* Pods */,
				4C69F7AA40AC702A32CCCA3A /* Frameworks */,
			);
			sourceTree = "<group>";
		};
		6D2EA378283BE14500A91E9A /* Products */ = {
			isa = PBXGroup;
			children = (
				6D2EA377283BE14500A91E9A /* meus.app */,
			);
			name = Products;
			sourceTree = "<group>";
		};
		6D2EA379283BE14500A91E9A /* meus */ = {
			isa = PBXGroup;
			children = (
				497CC1592870C68D00D86594 /* Model */,
				497CC1582870C62600D86594 /* CustomCell */,
				497CC1572870C5A100D86594 /* View */,
				497CC1552870C57B00D86594 /* ViewModel */,
				6DF221042852555500008EB3 /* meus.entitlements */,
				49CC8C3928756BD6000168A3 /* GoogleService-Info.plist */,
				6D2EA37A283BE14500A91E9A /* AppDelegate.swift */,
				6D2EA37C283BE14500A91E9A /* SceneDelegate.swift */,
				49235AB22851500600706A61 /* PopViewController.swift */,
				6DE7FA3528451E5700B6EF57 /* IdFindViewController.swift */,
				6DE7FA3728451E8100B6EF57 /* PwFindViewController.swift */,
				6DD0E0D82841F23100C3D5E7 /* SignUpViewController.swift */,
				6DD6D57728439FAE00FB883A /* MeViewController.swift */,
				31FDF1D628644CE20014735B /* AddScheduleViewController.swift */,
				6D2ABD0B28578BA000B5BEDC /* OptionViewController.swift */,
				6D2EA383283BE14800A91E9A /* Assets.xcassets */,
				6D2EA380283BE14500A91E9A /* Main.storyboard */,
				49235AB62851639D00706A61 /* Popup.storyboard */,
				6D2EA385283BE14800A91E9A /* LaunchScreen.storyboard */,
				6D2EA388283BE14800A91E9A /* Info.plist */,
				6DEA606B285CF318002E7429 /* PasswordChangeViewController.swift */,
				6D1A5C6E285D81380030BE59 /* SecondPopViewController.swift */,
				31FDF1DE286D6D7B0014735B /* MixedScheduleViewController.swift */,
				6D1A5C70285DB2EF0030BE59 /* AlarmSettingViewController.swift */,
				6D1A5C72285DB8700030BE59 /* InfoViewController.swift */,
				6D1A5C74285DB8AB0030BE59 /* PrivacyPolicyViewController.swift */,
			);
			path = meus;
			sourceTree = "<group>";
		};
/* End PBXGroup section */

/* Begin PBXNativeTarget section */
		6D2EA376283BE14500A91E9A /* meus */ = {
			isa = PBXNativeTarget;
			buildConfigurationList = 6D2EA38B283BE14800A91E9A /* Build configuration list for PBXNativeTarget "meus" */;
			buildPhases = (
				B9F1CF7302095B8BE89DF9F1 /* [CP] Check Pods Manifest.lock */,
				6D2EA373283BE14500A91E9A /* Sources */,
				6D2EA374283BE14500A91E9A /* Frameworks */,
				6D2EA375283BE14500A91E9A /* Resources */,
				112CFE42CE9BE19A3BA4DA85 /* [CP] Embed Pods Frameworks */,
			);
			buildRules = (
			);
			dependencies = (
			);
			name = meus;
			productName = meus;
			productReference = 6D2EA377283BE14500A91E9A /* meus.app */;
			productType = "com.apple.product-type.application";
		};
/* End PBXNativeTarget section */

/* Begin PBXProject section */
		6D2EA36F283BE14500A91E9A /* Project object */ = {
			isa = PBXProject;
			attributes = {
				BuildIndependentTargetsInParallel = 1;
				LastSwiftUpdateCheck = 1330;
				LastUpgradeCheck = 1330;
				TargetAttributes = {
					6D2EA376283BE14500A91E9A = {
						CreatedOnToolsVersion = 13.3;
					};
				};
			};
			buildConfigurationList = 6D2EA372283BE14500A91E9A /* Build configuration list for PBXProject "meus" */;
			compatibilityVersion = "Xcode 13.0";
			developmentRegion = en;
			hasScannedForEncodings = 0;
			knownRegions = (
				en,
				Base,
			);
			mainGroup = 6D2EA36E283BE14500A91E9A;
			productRefGroup = 6D2EA378283BE14500A91E9A /* Products */;
			projectDirPath = "";
			projectRoot = "";
			targets = (
				6D2EA376283BE14500A91E9A /* meus */,
			);
		};
/* End PBXProject section */

/* Begin PBXResourcesBuildPhase section */
		6D2EA375283BE14500A91E9A /* Resources */ = {
			isa = PBXResourcesBuildPhase;
			buildActionMask = 2147483647;
			files = (
				6D2EA387283BE14800A91E9A /* LaunchScreen.storyboard in Resources */,
				6D2EA384283BE14800A91E9A /* Assets.xcassets in Resources */,
				49CC8C3A28756BD6000168A3 /* GoogleService-Info.plist in Resources */,
				6D2EA382283BE14500A91E9A /* Main.storyboard in Resources */,
				49235AB72851639D00706A61 /* Popup.storyboard in Resources */,
			);
			runOnlyForDeploymentPostprocessing = 0;
		};
/* End PBXResourcesBuildPhase section */

/* Begin PBXShellScriptBuildPhase section */
		112CFE42CE9BE19A3BA4DA85 /* [CP] Embed Pods Frameworks */ = {
			isa = PBXShellScriptBuildPhase;
			buildActionMask = 2147483647;
			files = (
			);
			inputFileListPaths = (
				"${PODS_ROOT}/Target Support Files/Pods-meus/Pods-meus-frameworks-${CONFIGURATION}-input-files.xcfilelist",
			);
			name = "[CP] Embed Pods Frameworks";
			outputFileListPaths = (
				"${PODS_ROOT}/Target Support Files/Pods-meus/Pods-meus-frameworks-${CONFIGURATION}-output-files.xcfilelist",
			);
			runOnlyForDeploymentPostprocessing = 0;
			shellPath = /bin/sh;
			shellScript = "\"${PODS_ROOT}/Target Support Files/Pods-meus/Pods-meus-frameworks.sh\"\n";
			showEnvVarsInLog = 0;
		};
		B9F1CF7302095B8BE89DF9F1 /* [CP] Check Pods Manifest.lock */ = {
			isa = PBXShellScriptBuildPhase;
			buildActionMask = 2147483647;
			files = (
			);
			inputFileListPaths = (
			);
			inputPaths = (
				"${PODS_PODFILE_DIR_PATH}/Podfile.lock",
				"${PODS_ROOT}/Manifest.lock",
			);
			name = "[CP] Check Pods Manifest.lock";
			outputFileListPaths = (
			);
			outputPaths = (
				"$(DERIVED_FILE_DIR)/Pods-meus-checkManifestLockResult.txt",
			);
			runOnlyForDeploymentPostprocessing = 0;
			shellPath = /bin/sh;
			shellScript = "diff \"${PODS_PODFILE_DIR_PATH}/Podfile.lock\" \"${PODS_ROOT}/Manifest.lock\" > /dev/null\nif [ $? != 0 ] ; then\n    # print error to STDERR\n    echo \"error: The sandbox is not in sync with the Podfile.lock. Run 'pod install' or update your CocoaPods installation.\" >&2\n    exit 1\nfi\n# This output is used by Xcode 'outputs' to avoid re-running this script phase.\necho \"SUCCESS\" > \"${SCRIPT_OUTPUT_FILE_0}\"\n";
			showEnvVarsInLog = 0;
		};
/* End PBXShellScriptBuildPhase section */

/* Begin PBXSourcesBuildPhase section */
		6D2EA373283BE14500A91E9A /* Sources */ = {
			isa = PBXSourcesBuildPhase;
			buildActionMask = 2147483647;
			files = (
				6D1A5C6F285D81380030BE59 /* SecondPopViewController.swift in Sources */,
				6DD6D57828439FAE00FB883A /* MeViewController.swift in Sources */,
				31FDF1D728644CE20014735B /* AddScheduleViewController.swift in Sources */,
				49235ABF28516DA600706A61 /* Cells.swift in Sources */,
				6D1A5C75285DB8AB0030BE59 /* PrivacyPolicyViewController.swift in Sources */,
				31C3CA6D284E0CC10092E08E /* CalendarHelper.swift in Sources */,
				499A58C7285917F700ED7D7B /* AddGroupPopViewController.swift in Sources */,
				49235AB32851500600706A61 /* PopViewController.swift in Sources */,
				499A58CB285BA57B00ED7D7B /* RequestTableViewCell.swift in Sources */,
				499A58C52858899800ED7D7B /* AddFriendPopViewController.swift in Sources */,
				6D2EA37F283BE14500A91E9A /* ViewController.swift in Sources */,
				31FDF1E1286D8BF80014735B /* MixedSceduleTableViewCell.swift in Sources */,
				6DE7FA3628451E5700B6EF57 /* IdFindViewController.swift in Sources */,
				6D2EA37B283BE14500A91E9A /* AppDelegate.swift in Sources */,
				499A58C9285BA37F00ED7D7B /* RequestViewController.swift in Sources */,
				6DD0E0D92841F23100C3D5E7 /* SignUpViewController.swift in Sources */,
				6D2ABD0E28578C2200B5BEDC /* OptionTableViewCell.swift in Sources */,
				49235AB92851657100706A61 /* UsViewController.swift in Sources */,
				31FDF1DF286D6D7B0014735B /* MixedScheduleViewController.swift in Sources */,
				6D2EA37D283BE14500A91E9A /* SceneDelegate.swift in Sources */,
				497CC152287088F300D86594 /* ViewModel.swift in Sources */,
				6D1FC904286B5D70005B8C39 /* GroupViewController.swift in Sources */,
				6DE7FA3828451E8100B6EF57 /* PwFindViewController.swift in Sources */,
				6D2ABD0C28578BA000B5BEDC /* OptionViewController.swift in Sources */,
				6D1A5C71285DB2EF0030BE59 /* AlarmSettingViewController.swift in Sources */,
				6DEA606C285CF318002E7429 /* PasswordChangeViewController.swift in Sources */,
				6D6F19442855BF7D00BFB2B8 /* optiondata.swift in Sources */,
				31FFEEBE284DDF58005B30B1 /* CalendarCell.swift in Sources */,
				31FDF1D92865D90F0014735B /* Schedule.swift in Sources */,
				497CC1542870AE4F00D86594 /* userstruct.swift in Sources */,
				6D1A5C73285DB8700030BE59 /* InfoViewController.swift in Sources */,
			);
			runOnlyForDeploymentPostprocessing = 0;
		};
/* End PBXSourcesBuildPhase section */

/* Begin PBXVariantGroup section */
		6D2EA380283BE14500A91E9A /* Main.storyboard */ = {
			isa = PBXVariantGroup;
			children = (
				6D2EA381283BE14500A91E9A /* Base */,
			);
			name = Main.storyboard;
			sourceTree = "<group>";
		};
		6D2EA385283BE14800A91E9A /* LaunchScreen.storyboard */ = {
			isa = PBXVariantGroup;
			children = (
				6D2EA386283BE14800A91E9A /* Base */,
			);
			name = LaunchScreen.storyboard;
			sourceTree = "<group>";
		};
/* End PBXVariantGroup section */

/* Begin XCBuildConfiguration section */
		6D2EA389283BE14800A91E9A /* Debug */ = {
			isa = XCBuildConfiguration;
			buildSettings = {
				ALWAYS_SEARCH_USER_PATHS = NO;
				CLANG_ANALYZER_NONNULL = YES;
				CLANG_ANALYZER_NUMBER_OBJECT_CONVERSION = YES_AGGRESSIVE;
				CLANG_CXX_LANGUAGE_STANDARD = "gnu++17";
				CLANG_ENABLE_MODULES = YES;
				CLANG_ENABLE_OBJC_ARC = YES;
				CLANG_ENABLE_OBJC_WEAK = YES;
				CLANG_WARN_BLOCK_CAPTURE_AUTORELEASING = YES;
				CLANG_WARN_BOOL_CONVERSION = YES;
				CLANG_WARN_COMMA = YES;
				CLANG_WARN_CONSTANT_CONVERSION = YES;
				CLANG_WARN_DEPRECATED_OBJC_IMPLEMENTATIONS = YES;
				CLANG_WARN_DIRECT_OBJC_ISA_USAGE = YES_ERROR;
				CLANG_WARN_DOCUMENTATION_COMMENTS = YES;
				CLANG_WARN_EMPTY_BODY = YES;
				CLANG_WARN_ENUM_CONVERSION = YES;
				CLANG_WARN_INFINITE_RECURSION = YES;
				CLANG_WARN_INT_CONVERSION = YES;
				CLANG_WARN_NON_LITERAL_NULL_CONVERSION = YES;
				CLANG_WARN_OBJC_IMPLICIT_RETAIN_SELF = YES;
				CLANG_WARN_OBJC_LITERAL_CONVERSION = YES;
				CLANG_WARN_OBJC_ROOT_CLASS = YES_ERROR;
				CLANG_WARN_QUOTED_INCLUDE_IN_FRAMEWORK_HEADER = YES;
				CLANG_WARN_RANGE_LOOP_ANALYSIS = YES;
				CLANG_WARN_STRICT_PROTOTYPES = YES;
				CLANG_WARN_SUSPICIOUS_MOVE = YES;
				CLANG_WARN_UNGUARDED_AVAILABILITY = YES_AGGRESSIVE;
				CLANG_WARN_UNREACHABLE_CODE = YES;
				CLANG_WARN__DUPLICATE_METHOD_MATCH = YES;
				COPY_PHASE_STRIP = NO;
				DEBUG_INFORMATION_FORMAT = dwarf;
				ENABLE_STRICT_OBJC_MSGSEND = YES;
				ENABLE_TESTABILITY = YES;
				GCC_C_LANGUAGE_STANDARD = gnu11;
				GCC_DYNAMIC_NO_PIC = NO;
				GCC_NO_COMMON_BLOCKS = YES;
				GCC_OPTIMIZATION_LEVEL = 0;
				GCC_PREPROCESSOR_DEFINITIONS = (
					"DEBUG=1",
					"$(inherited)",
				);
				GCC_WARN_64_TO_32_BIT_CONVERSION = YES;
				GCC_WARN_ABOUT_RETURN_TYPE = YES_ERROR;
				GCC_WARN_UNDECLARED_SELECTOR = YES;
				GCC_WARN_UNINITIALIZED_AUTOS = YES_AGGRESSIVE;
				GCC_WARN_UNUSED_FUNCTION = YES;
				GCC_WARN_UNUSED_VARIABLE = YES;
				IPHONEOS_DEPLOYMENT_TARGET = 15.1;
				MTL_ENABLE_DEBUG_INFO = INCLUDE_SOURCE;
				MTL_FAST_MATH = YES;
				ONLY_ACTIVE_ARCH = YES;
				SDKROOT = iphoneos;
				SWIFT_ACTIVE_COMPILATION_CONDITIONS = DEBUG;
				SWIFT_OPTIMIZATION_LEVEL = "-Onone";
			};
			name = Debug;
		};
		6D2EA38A283BE14800A91E9A /* Release */ = {
			isa = XCBuildConfiguration;
			buildSettings = {
				ALWAYS_SEARCH_USER_PATHS = NO;
				CLANG_ANALYZER_NONNULL = YES;
				CLANG_ANALYZER_NUMBER_OBJECT_CONVERSION = YES_AGGRESSIVE;
				CLANG_CXX_LANGUAGE_STANDARD = "gnu++17";
				CLANG_ENABLE_MODULES = YES;
				CLANG_ENABLE_OBJC_ARC = YES;
				CLANG_ENABLE_OBJC_WEAK = YES;
				CLANG_WARN_BLOCK_CAPTURE_AUTORELEASING = YES;
				CLANG_WARN_BOOL_CONVERSION = YES;
				CLANG_WARN_COMMA = YES;
				CLANG_WARN_CONSTANT_CONVERSION = YES;
				CLANG_WARN_DEPRECATED_OBJC_IMPLEMENTATIONS = YES;
				CLANG_WARN_DIRECT_OBJC_ISA_USAGE = YES_ERROR;
				CLANG_WARN_DOCUMENTATION_COMMENTS = YES;
				CLANG_WARN_EMPTY_BODY = YES;
				CLANG_WARN_ENUM_CONVERSION = YES;
				CLANG_WARN_INFINITE_RECURSION = YES;
				CLANG_WARN_INT_CONVERSION = YES;
				CLANG_WARN_NON_LITERAL_NULL_CONVERSION = YES;
				CLANG_WARN_OBJC_IMPLICIT_RETAIN_SELF = YES;
				CLANG_WARN_OBJC_LITERAL_CONVERSION = YES;
				CLANG_WARN_OBJC_ROOT_CLASS = YES_ERROR;
				CLANG_WARN_QUOTED_INCLUDE_IN_FRAMEWORK_HEADER = YES;
				CLANG_WARN_RANGE_LOOP_ANALYSIS = YES;
				CLANG_WARN_STRICT_PROTOTYPES = YES;
				CLANG_WARN_SUSPICIOUS_MOVE = YES;
				CLANG_WARN_UNGUARDED_AVAILABILITY = YES_AGGRESSIVE;
				CLANG_WARN_UNREACHABLE_CODE = YES;
				CLANG_WARN__DUPLICATE_METHOD_MATCH = YES;
				COPY_PHASE_STRIP = NO;
				DEBUG_INFORMATION_FORMAT = "dwarf-with-dsym";
				ENABLE_NS_ASSERTIONS = NO;
				ENABLE_STRICT_OBJC_MSGSEND = YES;
				GCC_C_LANGUAGE_STANDARD = gnu11;
				GCC_NO_COMMON_BLOCKS = YES;
				GCC_WARN_64_TO_32_BIT_CONVERSION = YES;
				GCC_WARN_ABOUT_RETURN_TYPE = YES_ERROR;
				GCC_WARN_UNDECLARED_SELECTOR = YES;
				GCC_WARN_UNINITIALIZED_AUTOS = YES_AGGRESSIVE;
				GCC_WARN_UNUSED_FUNCTION = YES;
				GCC_WARN_UNUSED_VARIABLE = YES;
				IPHONEOS_DEPLOYMENT_TARGET = 15.1;
				MTL_ENABLE_DEBUG_INFO = NO;
				MTL_FAST_MATH = YES;
				SDKROOT = iphoneos;
				SWIFT_COMPILATION_MODE = wholemodule;
				SWIFT_OPTIMIZATION_LEVEL = "-O";
				VALIDATE_PRODUCT = YES;
			};
			name = Release;
		};
		6D2EA38C283BE14800A91E9A /* Debug */ = {
			isa = XCBuildConfiguration;
			baseConfigurationReference = 86FAF1BD66A9FEED3B9E5F5D /* Pods-meus.debug.xcconfig */;
			buildSettings = {
				ASSETCATALOG_COMPILER_APPICON_NAME = AppIcon;
				ASSETCATALOG_COMPILER_GLOBAL_ACCENT_COLOR_NAME = AccentColor;
				CODE_SIGN_ENTITLEMENTS = meus/meus.entitlements;
				CODE_SIGN_STYLE = Automatic;
				CURRENT_PROJECT_VERSION = 1;
				DEVELOPMENT_TEAM = RSF44CWACA;
				GENERATE_INFOPLIST_FILE = YES;
				INFOPLIST_FILE = meus/Info.plist;
				INFOPLIST_KEY_UIApplicationSupportsIndirectInputEvents = YES;
				INFOPLIST_KEY_UILaunchStoryboardName = LaunchScreen;
				INFOPLIST_KEY_UIMainStoryboardFile = Main;
				INFOPLIST_KEY_UISupportedInterfaceOrientations = UIInterfaceOrientationPortrait;
				INFOPLIST_KEY_UISupportedInterfaceOrientations_iPad = "UIInterfaceOrientationPortrait UIInterfaceOrientationPortraitUpsideDown UIInterfaceOrientationLandscapeLeft UIInterfaceOrientationLandscapeRight";
				INFOPLIST_KEY_UISupportedInterfaceOrientations_iPhone = "UIInterfaceOrientationPortrait UIInterfaceOrientationLandscapeLeft UIInterfaceOrientationLandscapeRight";
				IPHONEOS_DEPLOYMENT_TARGET = 15.1;
				LD_RUNPATH_SEARCH_PATHS = (
					"$(inherited)",
					"@executable_path/Frameworks",
				);
				MARKETING_VERSION = 1.0;
				PRODUCT_BUNDLE_IDENTIFIER = heewon.company.meus;
				PRODUCT_NAME = "$(TARGET_NAME)";
				SWIFT_EMIT_LOC_STRINGS = YES;
				SWIFT_VERSION = 5.0;
				TARGETED_DEVICE_FAMILY = "1,2";
			};
			name = Debug;
		};
		6D2EA38D283BE14800A91E9A /* Release */ = {
			isa = XCBuildConfiguration;
			baseConfigurationReference = 7381CA878277EC890FF71E28 /* Pods-meus.release.xcconfig */;
			buildSettings = {
				ASSETCATALOG_COMPILER_APPICON_NAME = AppIcon;
				ASSETCATALOG_COMPILER_GLOBAL_ACCENT_COLOR_NAME = AccentColor;
				CODE_SIGN_ENTITLEMENTS = meus/meus.entitlements;
				CODE_SIGN_STYLE = Automatic;
				CURRENT_PROJECT_VERSION = 1;
				DEVELOPMENT_TEAM = RSF44CWACA;
				GENERATE_INFOPLIST_FILE = YES;
				INFOPLIST_FILE = meus/Info.plist;
				INFOPLIST_KEY_UIApplicationSupportsIndirectInputEvents = YES;
				INFOPLIST_KEY_UILaunchStoryboardName = LaunchScreen;
				INFOPLIST_KEY_UIMainStoryboardFile = Main;
				INFOPLIST_KEY_UISupportedInterfaceOrientations = UIInterfaceOrientationPortrait;
				INFOPLIST_KEY_UISupportedInterfaceOrientations_iPad = "UIInterfaceOrientationPortrait UIInterfaceOrientationPortraitUpsideDown UIInterfaceOrientationLandscapeLeft UIInterfaceOrientationLandscapeRight";
				INFOPLIST_KEY_UISupportedInterfaceOrientations_iPhone = "UIInterfaceOrientationPortrait UIInterfaceOrientationLandscapeLeft UIInterfaceOrientationLandscapeRight";
				IPHONEOS_DEPLOYMENT_TARGET = 15.1;
				LD_RUNPATH_SEARCH_PATHS = (
					"$(inherited)",
					"@executable_path/Frameworks",
				);
				MARKETING_VERSION = 1.0;
				PRODUCT_BUNDLE_IDENTIFIER = heewon.company.meus;
				PRODUCT_NAME = "$(TARGET_NAME)";
				SWIFT_EMIT_LOC_STRINGS = YES;
				SWIFT_VERSION = 5.0;
				TARGETED_DEVICE_FAMILY = "1,2";
			};
			name = Release;
		};
/* End XCBuildConfiguration section */

/* Begin XCConfigurationList section */
		6D2EA372283BE14500A91E9A /* Build configuration list for PBXProject "meus" */ = {
			isa = XCConfigurationList;
			buildConfigurations = (
				6D2EA389283BE14800A91E9A /* Debug */,
				6D2EA38A283BE14800A91E9A /* Release */,
			);
			defaultConfigurationIsVisible = 0;
			defaultConfigurationName = Release;
		};
		6D2EA38B283BE14800A91E9A /* Build configuration list for PBXNativeTarget "meus" */ = {
			isa = XCConfigurationList;
			buildConfigurations = (
				6D2EA38C283BE14800A91E9A /* Debug */,
				6D2EA38D283BE14800A91E9A /* Release */,
			);
			defaultConfigurationIsVisible = 0;
			defaultConfigurationName = Release;
		};
/* End XCConfigurationList section */
	};
	rootObject = 6D2EA36F283BE14500A91E9A /* Project object */;
}
